
Microsoft Visual Studio Solution File, Format Version 12.00
# Visual Studio Version 16
VisualStudioVersion = 16.0.29418.71
MinimumVisualStudioVersion = 10.0.40219.1
Project("{9A19103F-16F7-4668-BE54-9A1E7A4F7556}") = "AeldreplejeAPI", "AeldreplejeProject\AeldreplejeAPI.csproj", "{E2842F5B-ABBF-4310-99CD-E5BB89F9D662}"
EndProject
Project("{9A19103F-16F7-4668-BE54-9A1E7A4F7556}") = "AeldreplejeCore", "AeldreplejeCore\AeldreplejeCore.csproj", "{F8F40FD1-CFC8-4A98-85CB-363BB37089FF}"
EndProject
Project("{9A19103F-16F7-4668-BE54-9A1E7A4F7556}") = "AeldreplejeInfrastructure", "Infrastructure\AeldreplejeInfrastructure.csproj", "{20B5E331-471B-4695-B873-6533BB1A4875}"
EndProject
Project("{9A19103F-16F7-4668-BE54-9A1E7A4F7556}") = "TestCore", "TestCore\TestCore.csproj", "{9EB21CD0-CC7B-4D53-AE7D-0CA6DDCD5FC0}"
EndProject
Project("{FAE04EC0-301F-11D3-BF4B-00C04F79EFBC}") = "ValidationAPI", "ValidationAPI\ValidationAPI.csproj", "{F6C5635D-588D-4371-A876-ECE1CD0E7E92}"
EndProject
Global
	GlobalSection(SolutionConfigurationPlatforms) = preSolution
		Debug|Any CPU = Debug|Any CPU
		Release|Any CPU = Release|Any CPU
	EndGlobalSection
	GlobalSection(ProjectConfigurationPlatforms) = postSolution
		{E2842F5B-ABBF-4310-99CD-E5BB89F9D662}.Debug|Any CPU.ActiveCfg = Debug|Any CPU
		{E2842F5B-ABBF-4310-99CD-E5BB89F9D662}.Debug|Any CPU.Build.0 = Debug|Any CPU
		{E2842F5B-ABBF-4310-99CD-E5BB89F9D662}.Release|Any CPU.ActiveCfg = Release|Any CPU
		{E2842F5B-ABBF-4310-99CD-E5BB89F9D662}.Release|Any CPU.Build.0 = Release|Any CPU
		{F8F40FD1-CFC8-4A98-85CB-363BB37089FF}.Debug|Any CPU.ActiveCfg = Debug|Any CPU
		{F8F40FD1-CFC8-4A98-85CB-363BB37089FF}.Debug|Any CPU.Build.0 = Debug|Any CPU
		{F8F40FD1-CFC8-4A98-85CB-363BB37089FF}.Release|Any CPU.ActiveCfg = Release|Any CPU
		{F8F40FD1-CFC8-4A98-85CB-363BB37089FF}.Release|Any CPU.Build.0 = Release|Any CPU
		{20B5E331-471B-4695-B873-6533BB1A4875}.Debug|Any CPU.ActiveCfg = Debug|Any CPU
		{20B5E331-471B-4695-B873-6533BB1A4875}.Debug|Any CPU.Build.0 = Debug|Any CPU
		{20B5E331-471B-4695-B873-6533BB1A4875}.Release|Any CPU.ActiveCfg = Release|Any CPU
		{20B5E331-471B-4695-B873-6533BB1A4875}.Release|Any CPU.Build.0 = Release|Any CPU
		{9EB21CD0-CC7B-4D53-AE7D-0CA6DDCD5FC0}.Debug|Any CPU.ActiveCfg = Debug|Any CPU
		{9EB21CD0-CC7B-4D53-AE7D-0CA6DDCD5FC0}.Debug|Any CPU.Build.0 = Debug|Any CPU
		{9EB21CD0-CC7B-4D53-AE7D-0CA6DDCD5FC0}.Release|Any CPU.ActiveCfg = Release|Any CPU
		{9EB21CD0-CC7B-4D53-AE7D-0CA6DDCD5FC0}.Release|Any CPU.Build.0 = Release|Any CPU
		{F6C5635D-588D-4371-A876-ECE1CD0E7E92}.Debug|Any CPU.ActiveCfg = Debug|Any CPU
		{F6C5635D-588D-4371-A876-ECE1CD0E7E92}.Debug|Any CPU.Build.0 = Debug|Any CPU
		{F6C5635D-588D-4371-A876-ECE1CD0E7E92}.Release|Any CPU.ActiveCfg = Release|Any CPU
		{F6C5635D-588D-4371-A876-ECE1CD0E7E92}.Release|Any CPU.Build.0 = Release|Any CPU
	EndGlobalSection
	GlobalSection(SolutionProperties) = preSolution
		HideSolutionNode = FALSE
	EndGlobalSection
	GlobalSection(ExtensibilityGlobals) = postSolution
		SolutionGuid = {B604D92E-6938-48AD-8AD2-ECC57DF40E8E}
	EndGlobalSection
EndGlobal
